<?xml version="1.0" encoding="UTF-8"?>
<!DOCTYPE plist PUBLIC "-//Apple//DTD PLIST 1.0//EN" "http://www.apple.com/DTDs/PropertyList-1.0.dtd">
<plist version="1.0">
<dict>
	<key>archiveVersion</key>
	<string>1</string>
	<key>classes</key>
	<dict/>
	<key>objectVersion</key>
	<string>56</string>
	<key>objects</key>
	<dict>
		<key>000000000000000000000001</key>
		<dict>
			<key>isa</key>
			<string>PBXProject</string>
			<key>attributes</key>
			<dict>
				<key>BuildIndependentTargetsInParallel</key>
				<string>YES</string>
				<key>LastUpgradeCheck</key>
				<string>1500</string>
				<key>TargetAttributes</key>
				<dict>
					<key>000000000000000000000006</key>
					<dict>
						<key>CreatedOnToolsVersion</key>
						<string>15.0</string>
					</dict>
				</dict>
			</dict>
			<key>buildConfigurationList</key>
			<string>000000000000000000000010</string>
			<key>compatibilityVersion</key>
			<string>Xcode 14.0</string>
			<key>developmentRegion</key>
			<string>ru</string>
			<key>knownRegions</key>
			<array>
				<string>ru</string>
				<string>en</string>
				<string>Base</string>
			</array>
			<key>mainGroup</key>
			<string>000000000000000000000002</string>
			<key>productRefGroup</key>
			<string>000000000000000000000004</string>
			<key>projectDirPath</key>
			<string></string>
			<key>projectRoot</key>
			<string></string>
			<key>targets</key>
			<array>
				<string>000000000000000000000006</string>
			</array>
		</dict>
		<key>000000000000000000000002</key>
		<dict>
			<key>isa</key>
			<string>PBXGroup</string>
			<key>children</key>
			<array>
				<string>000000000000000000000003</string>
				<string>000000000000000000000004</string>
			</array>
			<key>sourceTree</key>
			<string>&lt;group&gt;</string>
		</dict>
		<key>000000000000000000000003</key>
		<dict>
			<key>isa</key>
			<string>PBXGroup</string>
			<key>children</key>
			<array>
				<string>00000000000000000000000A</string>
				<string>00000000000000000000000B</string>
				<string>000000000000000000000016</string>
				<string>000000000000000000000018</string>
				<string>00000000000000000000001A</string>
				<string>00000000000000000000001C</string>
				<string>00000000000000000000000C</string>
			</array>
			<key>path</key>
			<string>Spaces</string>
			<key>sourceTree</key>
			<string>&lt;group&gt;</string>
		</dict>
		<key>000000000000000000000004</key>
		<dict>
			<key>isa</key>
			<string>PBXGroup</string>
			<key>children</key>
			<array>
				<string>000000000000000000000005</string>
			</array>
			<key>name</key>
			<string>Products</string>
			<key>sourceTree</key>
			<string>&lt;group&gt;</string>
		</dict>
		<key>000000000000000000000005</key>
		<dict>
			<key>isa</key>
			<string>PBXFileReference</string>
			<key>explicitFileType</key>
			<string>wrapper.application</string>
			<key>includeInIndex</key>
			<string>0</string>
			<key>path</key>
			<string>Spaces.app</string>
			<key>sourceTree</key>
			<string>BUILT_PRODUCTS_DIR</string>
		</dict>
		<key>00000000000000000000000A</key>
		<dict>
			<key>isa</key>
			<string>PBXFileReference</string>
			<key>lastKnownFileType</key>
			<string>sourcecode.swift</string>
			<key>path</key>
			<string>SpacesApp.swift</string>
			<key>sourceTree</key>
			<string>&lt;group&gt;</string>
		</dict>
		<key>00000000000000000000000B</key>
		<dict>
			<key>isa</key>
			<string>PBXFileReference</string>
			<key>lastKnownFileType</key>
			<string>sourcecode.swift</string>
			<key>path</key>
			<string>ContentView.swift</string>
			<key>sourceTree</key>
			<string>&lt;group&gt;</string>
		</dict>
		<key>00000000000000000000000C</key>
		<dict>
			<key>isa</key>
			<string>PBXFileReference</string>
			<key>lastKnownFileType</key>
			<string>folder.assetcatalog</string>
			<key>path</key>
			<string>Assets.xcassets</string>
			<key>sourceTree</key>
			<string>&lt;group&gt;</string>
		</dict>
		<key>00000000000000000000000D</key>
		<dict>
			<key>isa</key>
			<string>PBXBuildFile</string>
			<key>fileRef</key>
			<string>00000000000000000000000A</string>
		</dict>
		<key>00000000000000000000000E</key>
		<dict>
			<key>isa</key>
			<string>PBXBuildFile</string>
			<key>fileRef</key>
			<string>00000000000000000000000B</string>
		</dict>
		<key>00000000000000000000000F</key>
		<dict>
			<key>isa</key>
			<string>PBXBuildFile</string>
			<key>fileRef</key>
			<string>00000000000000000000000C</string>
		</dict>
		<key>000000000000000000000007</key>
		<dict>
			<key>isa</key>
			<string>PBXSourcesBuildPhase</string>
			<key>buildActionMask</key>
			<string>2147483647</string>
			<key>files</key>
			<array>
				<string>00000000000000000000000D</string>
				<string>00000000000000000000000E</string>
				<string>000000000000000000000017</string>
				<string>000000000000000000000019</string>
				<string>00000000000000000000001B</string>
				<string>00000000000000000000001D</string>
			</array>
			<key>runOnlyForDeploymentPostprocessing</key>
			<string>0</string>
		</dict>
		<key>000000000000000000000008</key>
		<dict>
			<key>isa</key>
			<string>PBXResourcesBuildPhase</string>
			<key>buildActionMask</key>
			<string>2147483647</string>
			<key>files</key>
			<array>
				<string>00000000000000000000000F</string>
			</array>
			<key>runOnlyForDeploymentPostprocessing</key>
			<string>0</string>
		</dict>
		<key>000000000000000000000009</key>
		<dict>
			<key>isa</key>
			<string>PBXFrameworksBuildPhase</string>
			<key>buildActionMask</key>
			<string>2147483647</string>
			<key>files</key>
			<array/>
			<key>runOnlyForDeploymentPostprocessing</key>
			<string>0</string>
		</dict>
		<key>000000000000000000000006</key>
		<dict>
			<key>isa</key>
			<string>PBXNativeTarget</string>
			<key>buildConfigurationList</key>
			<string>000000000000000000000011</string>
			<key>buildPhases</key>
			<array>
				<string>000000000000000000000007</string>
				<string>000000000000000000000009</string>
				<string>000000000000000000000008</string>
			</array>
			<key>buildRules</key>
			<array/>
			<key>dependencies</key>
			<array/>
			<key>name</key>
			<string>Spaces</string>
			<key>productName</key>
			<string>Spaces</string>
			<key>productReference</key>
			<string>000000000000000000000005</string>
			<key>productType</key>
			<string>com.apple.product-type.application</string>
		</dict>
		<key>000000000000000000000010</key>
		<dict>
			<key>isa</key>
			<string>XCConfigurationList</string>
			<key>buildConfigurations</key>
			<array>
				<string>000000000000000000000012</string>
				<string>000000000000000000000013</string>
			</array>
			<key>defaultConfigurationIsVisible</key>
			<string>0</string>
			<key>defaultConfigurationName</key>
			<string>Release</string>
		</dict>
		<key>000000000000000000000012</key>
		<dict>
			<key>isa</key>
			<string>XCBuildConfiguration</string>
			<key>buildSettings</key>
			<dict>
				<key>CLANG_ENABLE_MODULES</key>
				<string>YES</string>
				<key>CLANG_ENABLE_OBJC_ARC</key>
				<string>YES</string>
				<key>SDKROOT</key>
				<string>iphoneos</string>
				<key>IPHONEOS_DEPLOYMENT_TARGET</key>
				<string>17.0</string>
				<key>SWIFT_VERSION</key>
				<string>5.0</string>
				<key>SWIFT_OPTIMIZATION_LEVEL</key>
				<string>-Onone</string>
				<key>DEBUG_INFORMATION_FORMAT</key>
				<string>dwarf</string>
				<key>ENABLE_TESTABILITY</key>
				<string>YES</string>
				<key>SWIFT_ACTIVE_COMPILATION_CONDITIONS</key>
				<string>DEBUG</string>
				<key>ONLY_ACTIVE_ARCH</key>
				<string>YES</string>
			</dict>
			<key>name</key>
			<string>Debug</string>
		</dict>
		<key>000000000000000000000013</key>
		<dict>
			<key>isa</key>
			<string>XCBuildConfiguration</string>
			<key>buildSettings</key>
			<dict>
				<key>CLANG_ENABLE_MODULES</key>
				<string>YES</string>
				<key>CLANG_ENABLE_OBJC_ARC</key>
				<string>YES</string>
				<key>SDKROOT</key>
				<string>iphoneos</string>
				<key>IPHONEOS_DEPLOYMENT_TARGET</key>
				<string>17.0</string>
				<key>SWIFT_VERSION</key>
				<string>5.0</string>
				<key>SWIFT_OPTIMIZATION_LEVEL</key>
				<string>-O</string>
				<key>DEBUG_INFORMATION_FORMAT</key>
				<string>dwarf-with-dsym</string>
				<key>SWIFT_COMPILATION_MODE</key>
				<string>wholemodule</string>
				<key>VALIDATE_PRODUCT</key>
				<string>YES</string>
			</dict>
			<key>name</key>
			<string>Release</string>
		</dict>
		<key>000000000000000000000011</key>
		<dict>
			<key>isa</key>
			<string>XCConfigurationList</string>
			<key>buildConfigurations</key>
			<array>
				<string>000000000000000000000014</string>
				<string>000000000000000000000015</string>
			</array>
			<key>defaultConfigurationIsVisible</key>
			<string>0</string>
			<key>defaultConfigurationName</key>
			<string>Release</string>
		</dict>
		<key>000000000000000000000014</key>
		<dict>
			<key>isa</key>
			<string>XCBuildConfiguration</string>
			<key>buildSettings</key>
			<dict>
				<key>ASSETCATALOG_COMPILER_GLOBAL_ACCENT_COLOR_NAME</key>
				<string>AccentColor</string>
				<key>CODE_SIGN_STYLE</key>
				<string>Automatic</string>
				<key>CURRENT_PROJECT_VERSION</key>
				<string>1</string>
				<key>GENERATE_INFOPLIST_FILE</key>
				<string>YES</string>
				<key>INFOPLIST_KEY_CFBundleDisplayName</key>
				<string>Spaces</string>
				<key>INFOPLIST_KEY_LSApplicationCategoryType</key>
				<string>public.app-category.productivity</string>
				<key>INFOPLIST_KEY_UIApplicationSceneManifest_Generation</key>
				<string>YES</string>
				<key>INFOPLIST_KEY_UIApplicationSupportsIndirectInputEvents</key>
				<string>YES</string>
				<key>INFOPLIST_KEY_UILaunchScreen_Generation</key>
				<string>YES</string>
				<key>INFOPLIST_KEY_UISupportedInterfaceOrientations_iPhone</key>
				<string>UIInterfaceOrientationPortrait UIInterfaceOrientationLandscapeLeft UIInterfaceOrientationLandscapeRight</string>
				<key>INFOPLIST_KEY_UISupportedInterfaceOrientations_iPad</key>
				<string>UIInterfaceOrientationPortrait UIInterfaceOrientationPortraitUpsideDown UIInterfaceOrientationLandscapeLeft UIInterfaceOrientationLandscapeRight</string>
				<key>MARKETING_VERSION</key>
				<string>0.1.0</string>
				<key>PRODUCT_BUNDLE_IDENTIFIER</key>
				<string>com.example.spaces</string>
				<key>PRODUCT_NAME</key>
				<string>$(TARGET_NAME)</string>
				<key>SUPPORTED_PLATFORMS</key>
				<string>iphoneos iphonesimulator</string>
				<key>TARGETED_DEVICE_FAMILY</key>
				<string>1,2</string>
				<key>SWIFT_EMIT_LOC_STRINGS</key>
				<string>YES</string>
				<key>ENABLE_PREVIEWS</key>
				<string>YES</string>
				<key>INFOPLIST_KEY_UIUserInterfaceStyle</key>
				<string>Light</string>
			</dict>
			<key>name</key>
			<string>Debug</string>
		</dict>
		<key>000000000000000000000015</key>
		<dict>
			<key>isa</key>
			<string>XCBuildConfiguration</string>
			<key>buildSettings</key>
			<dict>
				<key>ASSETCATALOG_COMPILER_GLOBAL_ACCENT_COLOR_NAME</key>
				<string>AccentColor</string>
				<key>CODE_SIGN_STYLE</key>
				<string>Automatic</string>
				<key>CURRENT_PROJECT_VERSION</key>
				<string>1</string>
				<key>GENERATE_INFOPLIST_FILE</key>
				<string>YES</string>
				<key>INFOPLIST_KEY_CFBundleDisplayName</key>
				<string>Spaces</string>
				<key>INFOPLIST_KEY_LSApplicationCategoryType</key>
				<string>public.app-category.productivity</string>
				<key>INFOPLIST_KEY_UIApplicationSceneManifest_Generation</key>
				<string>YES</string>
				<key>INFOPLIST_KEY_UIApplicationSupportsIndirectInputEvents</key>
				<string>YES</string>
				<key>INFOPLIST_KEY_UILaunchScreen_Generation</key>
				<string>YES</string>
				<key>INFOPLIST_KEY_UISupportedInterfaceOrientations_iPhone</key>
				<string>UIInterfaceOrientationPortrait UIInterfaceOrientationLandscapeLeft UIInterfaceOrientationLandscapeRight</string>
				<key>INFOPLIST_KEY_UISupportedInterfaceOrientations_iPad</key>
				<string>UIInterfaceOrientationPortrait UIInterfaceOrientationPortraitUpsideDown UIInterfaceOrientationLandscapeLeft UIInterfaceOrientationLandscapeRight</string>
				<key>MARKETING_VERSION</key>
				<string>0.1.0</string>
				<key>PRODUCT_BUNDLE_IDENTIFIER</key>
				<string>com.example.spaces</string>
				<key>PRODUCT_NAME</key>
				<string>$(TARGET_NAME)</string>
				<key>SUPPORTED_PLATFORMS</key>
				<string>iphoneos iphonesimulator</string>
				<key>TARGETED_DEVICE_FAMILY</key>
				<string>1,2</string>
				<key>SWIFT_EMIT_LOC_STRINGS</key>
				<string>YES</string>
				<key>ENABLE_PREVIEWS</key>
				<string>YES</string>
				<key>INFOPLIST_KEY_UIUserInterfaceStyle</key>
				<string>Light</string>
			</dict>
			<key>name</key>
			<string>Release</string>
		</dict>
		<key>000000000000000000000016</key>
		<dict>
			<key>isa</key>
			<string>PBXFileReference</string>
			<key>lastKnownFileType</key>
			<string>sourcecode.swift</string>
			<key>path</key>
			<string>ChatListModel.swift</string>
			<key>sourceTree</key>
			<string>&lt;group&gt;</string>
		</dict>
		<key>000000000000000000000017</key>
		<dict>
			<key>isa</key>
			<string>PBXBuildFile</string>
			<key>fileRef</key>
			<string>000000000000000000000016</string>
		</dict>
		<key>000000000000000000000018</key>
		<dict>
			<key>isa</key>
			<string>PBXFileReference</string>
			<key>lastKnownFileType</key>
			<string>sourcecode.swift</string>
			<key>path</key>
			<string>ChatTheme.swift</string>
			<key>sourceTree</key>
			<string>&lt;group&gt;</string>
		</dict>
		<key>000000000000000000000019</key>
		<dict>
			<key>isa</key>
			<string>PBXBuildFile</string>
			<key>fileRef</key>
			<string>000000000000000000000018</string>
		</dict>
		<key>00000000000000000000001A</key>
		<dict>
			<key>isa</key>
			<string>PBXFileReference</string>
			<key>lastKnownFileType</key>
			<string>sourcecode.swift</string>
			<key>path</key>
			<string>ConversationRow.swift</string>
			<key>sourceTree</key>
			<string>&lt;group&gt;</string>
		</dict>
		<key>00000000000000000000001B</key>
		<dict>
			<key>isa</key>
			<string>PBXBuildFile</string>
			<key>fileRef</key>
			<string>00000000000000000000001A</string>
		</dict>
		<key>00000000000000000000001C</key>
		<dict>
			<key>isa</key>
			<string>PBXFileReference</string>
			<key>lastKnownFileType</key>
			<string>sourcecode.swift</string>
			<key>path</key>
			<string>SpaceHomeView.swift</string>
			<key>sourceTree</key>
			<string>&lt;group&gt;</string>
		</dict>
		<key>00000000000000000000001D</key>
		<dict>
			<key>isa</key>
			<string>PBXBuildFile</string>
			<key>fileRef</key>
			<string>00000000000000000000001C</string>
		</dict>
	</dict>
	<key>rootObject</key>
	<string>000000000000000000000001</string>
</dict>
</plist>
